
Microsoft Visual Studio Solution File, Format Version 12.00
# Visual Studio Version 17
VisualStudioVersion = 17.2.32616.157
MinimumVisualStudioVersion = 10.0.40219.1
Project("{9A19103F-16F7-4668-BE54-9A1E7A4F7556}") = "ProcessingService", "ProcessingService\ProcessingService.csproj", "{395FD4F0-6075-4C14-B4E2-3B63D76FA53A}"
EndProject
Project("{9A19103F-16F7-4668-BE54-9A1E7A4F7556}") = "DataCaptureService", "DataCaptureService\DataCaptureService.csproj", "{FA890C91-83B0-4E65-9B11-EA054D505CD4}"
EndProject
Project("{FAE04EC0-301F-11D3-BF4B-00C04F79EFBC}") = "MessageQueuesLibrary", "MessageQueuesLibrary\MessageQueuesLibrary.csproj", "{AEEC5578-EF3C-4D13-93D9-C504462CA72E}"
EndProject
Project("{2150E333-8FDC-42A3-9474-1A3956D46DE8}") = "Solution Items", "Solution Items", "{6A01B581-E5D7-4BFC-8484-88CD06A19189}"
	ProjectSection(SolutionItems) = preProject
		README.md = README.md
	EndProjectSection
EndProject
Global
	GlobalSection(SolutionConfigurationPlatforms) = preSolution
		Debug|Any CPU = Debug|Any CPU
		Release|Any CPU = Release|Any CPU
	EndGlobalSection
	GlobalSection(ProjectConfigurationPlatforms) = postSolution
		{395FD4F0-6075-4C14-B4E2-3B63D76FA53A}.Debug|Any CPU.ActiveCfg = Debug|Any CPU
		{395FD4F0-6075-4C14-B4E2-3B63D76FA53A}.Debug|Any CPU.Build.0 = Debug|Any CPU
		{395FD4F0-6075-4C14-B4E2-3B63D76FA53A}.Release|Any CPU.ActiveCfg = Release|Any CPU
		{395FD4F0-6075-4C14-B4E2-3B63D76FA53A}.Release|Any CPU.Build.0 = Release|Any CPU
		{FA890C91-83B0-4E65-9B11-EA054D505CD4}.Debug|Any CPU.ActiveCfg = Debug|Any CPU
		{FA890C91-83B0-4E65-9B11-EA054D505CD4}.Debug|Any CPU.Build.0 = Debug|Any CPU
		{FA890C91-83B0-4E65-9B11-EA054D505CD4}.Release|Any CPU.ActiveCfg = Release|Any CPU
		{FA890C91-83B0-4E65-9B11-EA054D505CD4}.Release|Any CPU.Build.0 = Release|Any CPU
		{AEEC5578-EF3C-4D13-93D9-C504462CA72E}.Debug|Any CPU.ActiveCfg = Debug|Any CPU
		{AEEC5578-EF3C-4D13-93D9-C504462CA72E}.Debug|Any CPU.Build.0 = Debug|Any CPU
		{AEEC5578-EF3C-4D13-93D9-C504462CA72E}.Release|Any CPU.ActiveCfg = Release|Any CPU
		{AEEC5578-EF3C-4D13-93D9-C504462CA72E}.Release|Any CPU.Build.0 = Release|Any CPU
	EndGlobalSection
	GlobalSection(SolutionProperties) = preSolution
		HideSolutionNode = FALSE
	EndGlobalSection
	GlobalSection(ExtensibilityGlobals) = postSolution
		SolutionGuid = {016C9826-BEDA-4554-A5AB-8A4551498FEF}
	EndGlobalSection
EndGlobal
